
Microsoft Visual Studio Solution File, Format Version 12.00
# Visual Studio Version 17
VisualStudioVersion = 17.11.35312.102
MinimumVisualStudioVersion = 10.0.40219.1
Project("{9A19103F-16F7-4668-BE54-9A1E7A4F7556}") = "CurrencyConverter", "CurrencyConverter.csproj", "{9E36FB7D-9BE1-404B-884C-E3EC02265907}"
EndProject
Project("{FAE04EC0-301F-11D3-BF4B-00C04F79EFBC}") = "CurrencyConverterTest", "..\CurrencyConverterTest\CurrencyConverterTest.csproj", "{9A5B4FEC-B918-472E-AE01-F98785CAA09F}"
EndProject
Global
	GlobalSection(SolutionConfigurationPlatforms) = preSolution
		Debug|Any CPU = Debug|Any CPU
		Release|Any CPU = Release|Any CPU
	EndGlobalSection
	GlobalSection(ProjectConfigurationPlatforms) = postSolution
		{9E36FB7D-9BE1-404B-884C-E3EC02265907}.Debug|Any CPU.ActiveCfg = Debug|Any CPU
		{9E36FB7D-9BE1-404B-884C-E3EC02265907}.Debug|Any CPU.Build.0 = Debug|Any CPU
		{9E36FB7D-9BE1-404B-884C-E3EC02265907}.Release|Any CPU.ActiveCfg = Release|Any CPU
		{9E36FB7D-9BE1-404B-884C-E3EC02265907}.Release|Any CPU.Build.0 = Release|Any CPU
		{9A5B4FEC-B918-472E-AE01-F98785CAA09F}.Debug|Any CPU.ActiveCfg = Debug|Any CPU
		{9A5B4FEC-B918-472E-AE01-F98785CAA09F}.Debug|Any CPU.Build.0 = Debug|Any CPU
		{9A5B4FEC-B918-472E-AE01-F98785CAA09F}.Release|Any CPU.ActiveCfg = Release|Any CPU
		{9A5B4FEC-B918-472E-AE01-F98785CAA09F}.Release|Any CPU.Build.0 = Release|Any CPU
	EndGlobalSection
	GlobalSection(SolutionProperties) = preSolution
		HideSolutionNode = FALSE
	EndGlobalSection
	GlobalSection(ExtensibilityGlobals) = postSolution
		SolutionGuid = {2A482CEB-1946-447B-BD19-140D12227FED}
	EndGlobalSection
EndGlobal
